
Microsoft Visual Studio Solution File, Format Version 12.00
# Visual Studio Version 17
VisualStudioVersion = 17.14.37710.0 d17.14
MinimumVisualStudioVersion = 10.0.40219.1
Project("{FAE04EC0-301F-11D3-BF4B-00C04F79EFBC}") = "MidAirHealing", "MidAirHealing.csproj", "{F9123F97-31D6-43FA-B650-91E0C2E2374C}"
EndProject
Global
	GlobalSection(SolutionConfigurationPlatforms) = preSolution
		Debug|Any CPU = Debug|Any CPU
		Release|Any CPU = Release|Any CPU
	EndGlobalSection
	GlobalSection(ProjectConfigurationPlatforms) = postSolution
		{F9123F97-31D6-43FA-B650-91E0C2E2374C}.Debug|Any CPU.ActiveCfg = Debug|Any CPU
		{F9123F97-31D6-43FA-B650-91E0C2E2374C}.Debug|Any CPU.Build.0 = Debug|Any CPU
		{F9123F97-31D6-43FA-B650-91E0C2E2374C}.Release|Any CPU.ActiveCfg = Release|Any CPU
		{F9123F97-31D6-43FA-B650-91E0C2E2374C}.Release|Any CPU.Build.0 = Release|Any CPU
	EndGlobalSection
	GlobalSection(SolutionProperties) = preSolution
		HideSolutionNode = FALSE
	EndGlobalSection
	GlobalSection(ExtensibilityGlobals) = postSolution
		SolutionGuid = {DC1980C9-E595-41BA-9CB6-E42CF07DE4D3}
	EndGlobalSection
EndGlobal
